
Microsoft Visual Studio Solution File, Format Version 12.00
# Visual Studio 16
Project("{FAE04EC0-301F-11D3-BF4B-00C04F79EFBC}") = "Assembly-CSharp-firstpass", "Assembly-CSharp-firstpass.csproj", "{27A34667-C897-3D3F-B5FC-147491EF53BE}"
EndProject
Project("{FAE04EC0-301F-11D3-BF4B-00C04F79EFBC}") = "Assembly-CSharp", "Assembly-CSharp.csproj", "{3446D27C-1537-A5EF-302D-75324B00801E}"
EndProject
Project("{FAE04EC0-301F-11D3-BF4B-00C04F79EFBC}") = "Assembly-CSharp-Editor-firstpass", "Assembly-CSharp-Editor-firstpass.csproj", "{D3C74980-99DB-821C-6321-5529BACFBA04}"
EndProject
Project("{FAE04EC0-301F-11D3-BF4B-00C04F79EFBC}") = "Assembly-CSharp-Editor", "Assembly-CSharp-Editor.csproj", "{BCD60EFE-9C09-571D-3C68-F2DB7249576A}"
EndProject
Global
	GlobalSection(SolutionConfigurationPlatforms) = preSolution
		Debug|Any CPU = Debug|Any CPU
		Release|Any CPU = Release|Any CPU
	EndGlobalSection
	GlobalSection(ProjectConfigurationPlatforms) = postSolution
		{27A34667-C897-3D3F-B5FC-147491EF53BE}.Debug|Any CPU.ActiveCfg = Debug|Any CPU
		{27A34667-C897-3D3F-B5FC-147491EF53BE}.Debug|Any CPU.Build.0 = Debug|Any CPU
		{27A34667-C897-3D3F-B5FC-147491EF53BE}.Release|Any CPU.ActiveCfg = Release|Any CPU
		{27A34667-C897-3D3F-B5FC-147491EF53BE}.Release|Any CPU.Build.0 = Release|Any CPU
		{3446D27C-1537-A5EF-302D-75324B00801E}.Debug|Any CPU.ActiveCfg = Debug|Any CPU
		{3446D27C-1537-A5EF-302D-75324B00801E}.Debug|Any CPU.Build.0 = Debug|Any CPU
		{3446D27C-1537-A5EF-302D-75324B00801E}.Release|Any CPU.ActiveCfg = Release|Any CPU
		{3446D27C-1537-A5EF-302D-75324B00801E}.Release|Any CPU.Build.0 = Release|Any CPU
		{D3C74980-99DB-821C-6321-5529BACFBA04}.Debug|Any CPU.ActiveCfg = Debug|Any CPU
		{D3C74980-99DB-821C-6321-5529BACFBA04}.Debug|Any CPU.Build.0 = Debug|Any CPU
		{D3C74980-99DB-821C-6321-5529BACFBA04}.Release|Any CPU.ActiveCfg = Release|Any CPU
		{D3C74980-99DB-821C-6321-5529BACFBA04}.Release|Any CPU.Build.0 = Release|Any CPU
		{BCD60EFE-9C09-571D-3C68-F2DB7249576A}.Debug|Any CPU.ActiveCfg = Debug|Any CPU
		{BCD60EFE-9C09-571D-3C68-F2DB7249576A}.Debug|Any CPU.Build.0 = Debug|Any CPU
		{BCD60EFE-9C09-571D-3C68-F2DB7249576A}.Release|Any CPU.ActiveCfg = Release|Any CPU
		{BCD60EFE-9C09-571D-3C68-F2DB7249576A}.Release|Any CPU.Build.0 = Release|Any CPU
	EndGlobalSection
	GlobalSection(SolutionProperties) = preSolution
		HideSolutionNode = FALSE
	EndGlobalSection
EndGlobal
